
Microsoft Visual Studio Solution File, Format Version 12.00
# Visual Studio Version 17
VisualStudioVersion = 17.5.33424.131
MinimumVisualStudioVersion = 10.0.40219.1
Project("{FAE04EC0-301F-11D3-BF4B-00C04F79EFBC}") = "SomaValoresMatriz", "SomaValoresMatriz\SomaValoresMatriz.csproj", "{29ED6738-04ED-400B-B33D-3CA730157466}"
EndProject
Global
	GlobalSection(SolutionConfigurationPlatforms) = preSolution
		Debug|Any CPU = Debug|Any CPU
		Release|Any CPU = Release|Any CPU
	EndGlobalSection
	GlobalSection(ProjectConfigurationPlatforms) = postSolution
		{29ED6738-04ED-400B-B33D-3CA730157466}.Debug|Any CPU.ActiveCfg = Debug|Any CPU
		{29ED6738-04ED-400B-B33D-3CA730157466}.Debug|Any CPU.Build.0 = Debug|Any CPU
		{29ED6738-04ED-400B-B33D-3CA730157466}.Release|Any CPU.ActiveCfg = Release|Any CPU
		{29ED6738-04ED-400B-B33D-3CA730157466}.Release|Any CPU.Build.0 = Release|Any CPU
	EndGlobalSection
	GlobalSection(SolutionProperties) = preSolution
		HideSolutionNode = FALSE
	EndGlobalSection
	GlobalSection(ExtensibilityGlobals) = postSolution
		SolutionGuid = {F8DB2383-B805-4AA0-8D1B-559070B96B8F}
	EndGlobalSection
EndGlobal
